
Microsoft Visual Studio Solution File, Format Version 12.00
# Visual Studio Version 16
VisualStudioVersion = 16.0.34729.46
MinimumVisualStudioVersion = 10.0.40219.1
Project("{FAE04EC0-301F-11D3-BF4B-00C04F79EFBC}") = "CRMSystem", "CRMSystem\CRMSystem.csproj", "{BDAE320F-67C2-4C84-A800-2BF6F9C3CB09}"
EndProject
Project("{FAE04EC0-301F-11D3-BF4B-00C04F79EFBC}") = "CRMSystem.BLL", "CRMSystem.BLL\CRMSystem.BLL.csproj", "{490808B1-CCAC-4EC1-9817-050021383F07}"
EndProject
Project("{FAE04EC0-301F-11D3-BF4B-00C04F79EFBC}") = "CRMSystem.DAL", "CRMSystem.DAL\CRMSystem.DAL.csproj", "{3E170B10-1A4D-473C-8448-8B6C529A3BA7}"
EndProject
Global
	GlobalSection(SolutionConfigurationPlatforms) = preSolution
		Debug|Any CPU = Debug|Any CPU
		Release|Any CPU = Release|Any CPU
	EndGlobalSection
	GlobalSection(ProjectConfigurationPlatforms) = postSolution
		{BDAE320F-67C2-4C84-A800-2BF6F9C3CB09}.Debug|Any CPU.ActiveCfg = Debug|Any CPU
		{BDAE320F-67C2-4C84-A800-2BF6F9C3CB09}.Debug|Any CPU.Build.0 = Debug|Any CPU
		{BDAE320F-67C2-4C84-A800-2BF6F9C3CB09}.Release|Any CPU.ActiveCfg = Release|Any CPU
		{BDAE320F-67C2-4C84-A800-2BF6F9C3CB09}.Release|Any CPU.Build.0 = Release|Any CPU
		{490808B1-CCAC-4EC1-9817-050021383F07}.Debug|Any CPU.ActiveCfg = Debug|Any CPU
		{490808B1-CCAC-4EC1-9817-050021383F07}.Debug|Any CPU.Build.0 = Debug|Any CPU
		{490808B1-CCAC-4EC1-9817-050021383F07}.Release|Any CPU.ActiveCfg = Release|Any CPU
		{490808B1-CCAC-4EC1-9817-050021383F07}.Release|Any CPU.Build.0 = Release|Any CPU
		{3E170B10-1A4D-473C-8448-8B6C529A3BA7}.Debug|Any CPU.ActiveCfg = Debug|Any CPU
		{3E170B10-1A4D-473C-8448-8B6C529A3BA7}.Debug|Any CPU.Build.0 = Debug|Any CPU
		{3E170B10-1A4D-473C-8448-8B6C529A3BA7}.Release|Any CPU.ActiveCfg = Release|Any CPU
		{3E170B10-1A4D-473C-8448-8B6C529A3BA7}.Release|Any CPU.Build.0 = Release|Any CPU
	EndGlobalSection
	GlobalSection(SolutionProperties) = preSolution
		HideSolutionNode = FALSE
	EndGlobalSection
	GlobalSection(ExtensibilityGlobals) = postSolution
		SolutionGuid = {8E5E2630-05BC-42EA-B1BE-93BAB382CE48}
	EndGlobalSection
EndGlobal
